schema: '2.0'
stages:
  data-ingestion:
    cmd: python src/data-ingestion.py
    deps:
    - path: src/data-ingestion.py
      hash: md5
      md5: 8282546fef1785a80dce720e225a2c4d
      size: 3678
    outs:
    - path: data/raw
      hash: md5
      md5: 1a287d34dc172d9f950c03dae35f7e73.dir
      size: 484846
      nfiles: 2
  pre-processing:
    cmd: python src/pre-processing.py
    deps:
    - path: data/raw
      hash: md5
      md5: 1a287d34dc172d9f950c03dae35f7e73.dir
      size: 484846
      nfiles: 2
    - path: src/pre-processing.py
      hash: md5
      md5: dada74c9c6d3a58ec39667c2671222a1
      size: 3848
    outs:
    - path: data/interim
      hash: md5
      md5: 506e5be4c13acab0920f6d440c7a9abe.dir
      size: 292005
      nfiles: 2
  feature-engineering:
    cmd: python src/feature-engineering.py
    deps:
    - path: data/interim
      hash: md5
      md5: 506e5be4c13acab0920f6d440c7a9abe.dir
      size: 292005
      nfiles: 2
    - path: src/feature-engineering.py
      hash: md5
      md5: a69349f449169f1a76eb38a10d54846b
      size: 3812
    outs:
    - path: data/processed
      hash: md5
      md5: 7c61b81bc3c48468b9b8ff400537767e.dir
      size: 1183538
      nfiles: 2
  model-building:
    cmd: python src/model-building.py
    deps:
    - path: data/processed
      hash: md5
      md5: 7c61b81bc3c48468b9b8ff400537767e.dir
      size: 1183538
      nfiles: 2
    - path: src/model-building.py
      hash: md5
      md5: 687a60cde83ffe2d075d0e269c907513
      size: 4484
    outs:
    - path: models/model.pkl
      hash: md5
      md5: 52f7610a71c3fcb9ef109445ec582c09
      size: 965185
  model-evaluation:
    cmd: python src/model-evaluation.py
    deps:
    - path: models/model.pkl
      hash: md5
      md5: 52f7610a71c3fcb9ef109445ec582c09
      size: 965185
    - path: src/model-evaluation.py
      hash: md5
      md5: f6b412c7b24d005b8e3f19a553e428d9
      size: 4566
    outs:
    - path: reports/metrics.json
      hash: md5
      md5: dbc0002ad0e020edcd825b88dd2e25f4
      size: 144
